{
  "meteor": {
    "git": "https://github.com/meteor/meteor.git",
    "branch": "master",
    "commit": "d17795971cf2d55532bf7b9d00d0c925dec22014"
  },
  "dependencies": {
    "basePackages": {
      "font-awesome": {}
    },
    "packages": {
      "font-awesome": {
        "git": "https://github.com/nate-strauser/meteor-font-awesome.git",
        "tag": "v3.2.1",
        "commit": "38bdfff72dfb8857b272f9a9b056045d6a015489"
      }
    }
  }
}
